
Microsoft Visual Studio Solution File, Format Version 12.00
# Visual Studio Version 17
VisualStudioVersion = 17.3.32929.385
MinimumVisualStudioVersion = 10.0.40219.1
Project("{FAE04EC0-301F-11D3-BF4B-00C04F79EFBC}") = "WebApplication1", "WebApplication1\WebApplication1.csproj", "{367E804B-44B0-4FAD-95D2-13A85A64227A}"
EndProject
Global
	GlobalSection(SolutionConfigurationPlatforms) = preSolution
		Debug|Any CPU = Debug|Any CPU
		Release|Any CPU = Release|Any CPU
	EndGlobalSection
	GlobalSection(ProjectConfigurationPlatforms) = postSolution
		{367E804B-44B0-4FAD-95D2-13A85A64227A}.Debug|Any CPU.ActiveCfg = Debug|Any CPU
		{367E804B-44B0-4FAD-95D2-13A85A64227A}.Debug|Any CPU.Build.0 = Debug|Any CPU
		{367E804B-44B0-4FAD-95D2-13A85A64227A}.Release|Any CPU.ActiveCfg = Release|Any CPU
		{367E804B-44B0-4FAD-95D2-13A85A64227A}.Release|Any CPU.Build.0 = Release|Any CPU
	EndGlobalSection
	GlobalSection(SolutionProperties) = preSolution
		HideSolutionNode = FALSE
	EndGlobalSection
	GlobalSection(ExtensibilityGlobals) = postSolution
		SolutionGuid = {1B43D476-B7C9-466C-8D5E-828247B41EFF}
	EndGlobalSection
EndGlobal
